{
  "name": "@dependency-owners/pyproject-loader",
  "version": "0.0.0-development",
  "lockfileVersion": 3,
  "requires": true,
  "packages": {
    "": {
      "name": "@dependency-owners/pyproject-loader",
      "version": "0.0.0-development",
      "license": "BSD-3-Clause",
      "dependencies": {
        "pip-requirements-js": "^1.0.2",
        "smol-toml": "1.6.0"
      },
      "devDependencies": {
        "@dependency-owners/package-json-loader": "2.0.1",
        "@kirkeaton/prettier-config": "1.0.6",
        "@kirkeaton/tsconfig": "2.1.1",
        "@types/lodash-es": "4.17.12",
        "@types/node": "24.10.9",
        "dependency-owners": "3.0.4",
        "fs-fixture": "2.11.0",
        "lodash-es": "4.17.23",
        "prettier": "3.8.1",
        "typescript": "5.9.3"
      },
      "engines": {
        "node": ">=20"
      },
      "funding": {
        "url": "https://kirkeaton.ca/sponsor"
      },
      "peerDependencies": {
        "dependency-owners": ">=1.2.1"
      }
    },
    "node_modules/@dependency-owners/package-json-loader": {
      "version": "2.0.1",
      "resolved": "https://registry.npmjs.org/@dependency-owners/package-json-loader/-/package-json-loader-2.0.1.tgz",
      "integrity": "sha512-Q/RqNOsC+nXtZ0S7+FSaUw23NhBFy6BOSsGXxhRc6p7k2eDQfatz+5/iH767eg7ZhQ1PB9WM6bXc3cwCHrAFQA==",
      "dev": true,
      "license": "BSD-3-Clause",
      "engines": {
        "node": ">=20"
      },
      "funding": {
        "url": "https://kirkeaton.ca/sponsor"
      },
      "peerDependencies": {
        "dependency-owners": ">=1.2.1"
      }
    },
    "node_modules/@kirkeaton/prettier-config": {
      "version": "1.0.6",
      "resolved": "https://registry.npmjs.org/@kirkeaton/prettier-config/-/prettier-config-1.0.6.tgz",
      "integrity": "sha512-AGLyINAM0L+uexB3B6gsDyyBiHHPeUCuhwI3W0Kl+lbW1V0DvWlOaPDnn7yREYQMrPTY37gAzVBIhWPw2wB4nQ==",
      "dev": true,
      "license": "BSD-3-Clause",
      "funding": {
        "url": "https://kirkeaton.ca/sponsor"
      }
    },
    "node_modules/@kirkeaton/tsconfig": {
      "version": "2.1.1",
      "resolved": "https://registry.npmjs.org/@kirkeaton/tsconfig/-/tsconfig-2.1.1.tgz",
      "integrity": "sha512-O03gpWY4/9VIa8S3F10W5b0R1z5X7cwTIpj/o9w+5WzkEjBd9wDnjSqFfCogK9M3Y9tjsjKC6nOeRGj3pJlOFQ==",
      "dev": true,
      "license": "BSD-3-Clause",
      "engines": {
        "node": ">=20"
      },
      "funding": {
        "url": "https://kirkeaton.ca/sponsor"
      },
      "peerDependencies": {
        "typescript": "~5.9"
      }
    },
    "node_modules/@stricli/core": {
      "version": "1.2.5",
      "resolved": "https://registry.npmjs.org/@stricli/core/-/core-1.2.5.tgz",
      "integrity": "sha512-+afyztQW7fwWkqmU2WQZbdc3LjnZThWYdtE0l+hykZ1Rvy7YGxZSvsVCS/wZ/2BNv117pQ9TU1GZZRIcPnB4tw==",
      "dev": true,
      "license": "Apache-2.0"
    },
    "node_modules/@types/lodash": {
      "version": "4.17.23",
      "resolved": "https://registry.npmjs.org/@types/lodash/-/lodash-4.17.23.tgz",
      "integrity": "sha512-RDvF6wTulMPjrNdCoYRC8gNR880JNGT8uB+REUpC2Ns4pRqQJhGz90wh7rgdXDPpCczF3VGktDuFGVnz8zP7HA==",
      "dev": true,
      "license": "MIT"
    },
    "node_modules/@types/lodash-es": {
      "version": "4.17.12",
      "resolved": "https://registry.npmjs.org/@types/lodash-es/-/lodash-es-4.17.12.tgz",
      "integrity": "sha512-0NgftHUcV4v34VhXm8QBSftKVXtbkBG3ViCjs6+eJ5a6y6Mi/jiFGPc1sC7QK+9BFhWrURE3EOggmWaSxL9OzQ==",
      "dev": true,
      "license": "MIT",
      "dependencies": {
        "@types/lodash": "*"
      }
    },
    "node_modules/@types/node": {
      "version": "24.10.9",
      "resolved": "https://registry.npmjs.org/@types/node/-/node-24.10.9.tgz",
      "integrity": "sha512-ne4A0IpG3+2ETuREInjPNhUGis1SFjv1d5asp8MzEAGtOZeTeHVDOYqOgqfhvseqg/iXty2hjBf1zAOb7RNiNw==",
      "dev": true,
      "license": "MIT",
      "dependencies": {
        "undici-types": "~7.16.0"
      }
    },
    "node_modules/dependency-owners": {
      "version": "3.0.4",
      "resolved": "https://registry.npmjs.org/dependency-owners/-/dependency-owners-3.0.4.tgz",
      "integrity": "sha512-KeZ0pQ+Y3kIVjq2oupKSBG69wyTma6UnBOe+L9TgdFxjrtbCB3sOQIP7k0Xsam/XGjdaXd7PSfotJwjEblmLLQ==",
      "dev": true,
      "license": "BSD-3-Clause",
      "peer": true,
      "dependencies": {
        "@stricli/core": "1.2.5"
      },
      "bin": {
        "dependency-owners": "dist/cli.js"
      },
      "engines": {
        "node": ">=20"
      },
      "funding": {
        "url": "https://kirkeaton.ca/sponsor"
      }
    },
    "node_modules/fs-fixture": {
      "version": "2.11.0",
      "resolved": "https://registry.npmjs.org/fs-fixture/-/fs-fixture-2.11.0.tgz",
      "integrity": "sha512-elzOu5Ru04qPSBT344kngxx1bpq3RbpznEyjTcn+NHI2nvzwDcGt2zde/a6LBmF5SJtgSYBGHAPnel6S1IefeA==",
      "dev": true,
      "license": "MIT",
      "engines": {
        "node": ">=18.0.0"
      },
      "funding": {
        "url": "https://github.com/privatenumber/fs-fixture?sponsor=1"
      }
    },
    "node_modules/lodash-es": {
      "version": "4.17.23",
      "resolved": "https://registry.npmjs.org/lodash-es/-/lodash-es-4.17.23.tgz",
      "integrity": "sha512-kVI48u3PZr38HdYz98UmfPnXl2DXrpdctLrFLCd3kOx1xUkOmpFPx7gCWWM5MPkL/fD8zb+Ph0QzjGFs4+hHWg==",
      "dev": true,
      "license": "MIT"
    },
    "node_modules/ohm-js": {
      "version": "17.3.0",
      "resolved": "https://registry.npmjs.org/ohm-js/-/ohm-js-17.3.0.tgz",
      "integrity": "sha512-LySMdjweN1hKBMMV8lM44+1wiewkndDNNJxtgVAscs7y683MXCdQZLsIaw64/p8NuqYbKOWZoHIOA5DU/xchoA==",
      "license": "MIT",
      "engines": {
        "node": ">=0.12.1"
      }
    },
    "node_modules/pip-requirements-js": {
      "version": "1.0.2",
      "resolved": "https://registry.npmjs.org/pip-requirements-js/-/pip-requirements-js-1.0.2.tgz",
      "integrity": "sha512-awqoNOSOl4Blu4E4Hzp7jL0g8WKEhCwO+s7C2ibtIW3CAJMwspgoTXd4vnHd21UmhdrsI44Pn8FFSuA8QKrzvg==",
      "license": "MPL-2.0",
      "dependencies": {
        "ohm-js": "^17.1.0"
      }
    },
    "node_modules/prettier": {
      "version": "3.8.1",
      "resolved": "https://registry.npmjs.org/prettier/-/prettier-3.8.1.tgz",
      "integrity": "sha512-UOnG6LftzbdaHZcKoPFtOcCKztrQ57WkHDeRD9t/PTQtmT0NHSeWWepj6pS0z/N7+08BHFDQVUrfmfMRcZwbMg==",
      "dev": true,
      "license": "MIT",
      "bin": {
        "prettier": "bin/prettier.cjs"
      },
      "engines": {
        "node": ">=14"
      },
      "funding": {
        "url": "https://github.com/prettier/prettier?sponsor=1"
      }
    },
    "node_modules/smol-toml": {
      "version": "1.6.0",
      "resolved": "https://registry.npmjs.org/smol-toml/-/smol-toml-1.6.0.tgz",
      "integrity": "sha512-4zemZi0HvTnYwLfrpk/CF9LOd9Lt87kAt50GnqhMpyF9U3poDAP2+iukq2bZsO/ufegbYehBkqINbsWxj4l4cw==",
      "license": "BSD-3-Clause",
      "engines": {
        "node": ">= 18"
      },
      "funding": {
        "url": "https://github.com/sponsors/cyyynthia"
      }
    },
    "node_modules/typescript": {
      "version": "5.9.3",
      "resolved": "https://registry.npmjs.org/typescript/-/typescript-5.9.3.tgz",
      "integrity": "sha512-jl1vZzPDinLr9eUt3J/t7V6FgNEw9QjvBPdysz9KfQDD41fQrC2Y4vKQdiaUpFT4bXlb1RHhLpp8wtm6M5TgSw==",
      "dev": true,
      "license": "Apache-2.0",
      "peer": true,
      "bin": {
        "tsc": "bin/tsc",
        "tsserver": "bin/tsserver"
      },
      "engines": {
        "node": ">=14.17"
      }
    },
    "node_modules/undici-types": {
      "version": "7.16.0",
      "resolved": "https://registry.npmjs.org/undici-types/-/undici-types-7.16.0.tgz",
      "integrity": "sha512-Zz+aZWSj8LE6zoxD+xrjh4VfkIG8Ya6LvYkZqtUQGJPZjYl53ypCaUwWqo7eI0x66KBGeRo+mlBEkMSeSZ38Nw==",
      "dev": true,
      "license": "MIT"
    }
  }
}
